// !$*UTF8*$!
{
	archiveVersion = 1;
	classes = {
	};
	objectVersion = 51;
	objects = {

/* Begin PBXBuildFile section */
		32854D4852B9BBCDB4A9A24E /* Pods_bodyguard_tech_assessment.framework in Frameworks */ = {isa = PBXBuildFile; fileRef = 31B9CC80A26FC1693D1E4A3F /* Pods_bodyguard_tech_assessment.framework */; };
		3F40180E25F6AB5F003C0FC8 /* AppDelegate.swift in Sources */ = {isa = PBXBuildFile; fileRef = 3F40180D25F6AB5F003C0FC8 /* AppDelegate.swift */; };
		3F40181025F6AB5F003C0FC8 /* SceneDelegate.swift in Sources */ = {isa = PBXBuildFile; fileRef = 3F40180F25F6AB5F003C0FC8 /* SceneDelegate.swift */; };
		3F40181225F6AB5F003C0FC8 /* ViewController.swift in Sources */ = {isa = PBXBuildFile; fileRef = 3F40181125F6AB5F003C0FC8 /* ViewController.swift */; };
		3F40181725F6AB62003C0FC8 /* Assets.xcassets in Resources */ = {isa = PBXBuildFile; fileRef = 3F40181625F6AB62003C0FC8 /* Assets.xcassets */; };
		3F40181A25F6AB62003C0FC8 /* LaunchScreen.storyboard in Resources */ = {isa = PBXBuildFile; fileRef = 3F40181825F6AB62003C0FC8 /* LaunchScreen.storyboard */; };
/* End PBXBuildFile section */

/* Begin PBXFileReference section */
		31B9CC80A26FC1693D1E4A3F /* Pods_bodyguard_tech_assessment.framework */ = {isa = PBXFileReference; explicitFileType = wrapper.framework; includeInIndex = 0; path = Pods_bodyguard_tech_assessment.framework; sourceTree = BUILT_PRODUCTS_DIR; };
		3F40180A25F6AB5F003C0FC8 /* bodyguard-tech-assessment.app */ = {isa = PBXFileReference; explicitFileType = wrapper.application; includeInIndex = 0; path = "bodyguard-tech-assessment.app"; sourceTree = BUILT_PRODUCTS_DIR; };
		3F40180D25F6AB5F003C0FC8 /* AppDelegate.swift */ = {isa = PBXFileReference; lastKnownFileType = sourcecode.swift; path = AppDelegate.swift; sourceTree = "<group>"; };
		3F40180F25F6AB5F003C0FC8 /* SceneDelegate.swift */ = {isa = PBXFileReference; lastKnownFileType = sourcecode.swift; path = SceneDelegate.swift; sourceTree = "<group>"; };
		3F40181125F6AB5F003C0FC8 /* ViewController.swift */ = {isa = PBXFileReference; lastKnownFileType = sourcecode.swift; path = ViewController.swift; sourceTree = "<group>"; };
		3F40181625F6AB62003C0FC8 /* Assets.xcassets */ = {isa = PBXFileReference; lastKnownFileType = folder.assetcatalog; path = Assets.xcassets; sourceTree = "<group>"; };
		3F40181925F6AB62003C0FC8 /* Base */ = {isa = PBXFileReference; lastKnownFileType = file.storyboard; name = Base; path = Base.lproj/LaunchScreen.storyboard; sourceTree = "<group>"; };
		3F40181B25F6AB62003C0FC8 /* Info.plist */ = {isa = PBXFileReference; lastKnownFileType = text.plist.xml; path = Info.plist; sourceTree = "<group>"; };
		8C11D1347D17680282C5C3BC /* Pods-bodyguard-tech-assessment.release.xcconfig */ = {isa = PBXFileReference; includeInIndex = 1; lastKnownFileType = text.xcconfig; name = "Pods-bodyguard-tech-assessment.release.xcconfig"; path = "Target Support Files/Pods-bodyguard-tech-assessment/Pods-bodyguard-tech-assessment.release.xcconfig"; sourceTree = "<group>"; };
		C94A213AE319F2EA7698F1F3 /* Pods-bodyguard-tech-assessment.debug.xcconfig */ = {isa = PBXFileReference; includeInIndex = 1; lastKnownFileType = text.xcconfig; name = "Pods-bodyguard-tech-assessment.debug.xcconfig"; path = "Target Support Files/Pods-bodyguard-tech-assessment/Pods-bodyguard-tech-assessment.debug.xcconfig"; sourceTree = "<group>"; };
/* End PBXFileReference section */

/* Begin PBXFrameworksBuildPhase section */
		3F40180725F6AB5F003C0FC8 /* Frameworks */ = {
			isa = PBXFrameworksBuildPhase;
			buildActionMask = 2147483647;
			files = (
				32854D4852B9BBCDB4A9A24E /* Pods_bodyguard_tech_assessment.framework in Frameworks */,
			);
			runOnlyForDeploymentPostprocessing = 0;
		};
/* End PBXFrameworksBuildPhase section */

/* Begin PBXGroup section */
		10CFB55A6C3D14C1D7474C86 /* Frameworks */ = {
			isa = PBXGroup;
			children = (
				31B9CC80A26FC1693D1E4A3F /* Pods_bodyguard_tech_assessment.framework */,
			);
			name = Frameworks;
			sourceTree = "<group>";
		};
		3F40180125F6AB5F003C0FC8 = {
			isa = PBXGroup;
			children = (
				3F40180C25F6AB5F003C0FC8 /* bodyguard-tech-assessment */,
				3F40180B25F6AB5F003C0FC8 /* Products */,
				F8D873EDE2BA6BF0C7A30B1D /* Pods */,
				10CFB55A6C3D14C1D7474C86 /* Frameworks */,
			);
			sourceTree = "<group>";
		};
		3F40180B25F6AB5F003C0FC8 /* Products */ = {
			isa = PBXGroup;
			children = (
				3F40180A25F6AB5F003C0FC8 /* bodyguard-tech-assessment.app */,
			);
			name = Products;
			sourceTree = "<group>";
		};
		3F40180C25F6AB5F003C0FC8 /* bodyguard-tech-assessment */ = {
			isa = PBXGroup;
			children = (
				3F9DC78425F6DD1500BCF4B3 /* Helpers */,
				3F9DC78525F6DD1C00BCF4B3 /* Models */,
				3F9DC78725F6DD3600BCF4B3 /* Ressources */,
				3F9DC78625F6DD2900BCF4B3 /* Screens */,
				3F9DC78825F6DD4400BCF4B3 /* Services */,
				3F9DC78925F6DD7900BCF4B3 /* Supporting Files */,
				3F40181825F6AB62003C0FC8 /* LaunchScreen.storyboard */,
			);
			path = "bodyguard-tech-assessment";
			sourceTree = "<group>";
		};
		3F9DC78425F6DD1500BCF4B3 /* Helpers */ = {
			isa = PBXGroup;
			children = (
			);
			path = Helpers;
			sourceTree = "<group>";
		};
		3F9DC78525F6DD1C00BCF4B3 /* Models */ = {
			isa = PBXGroup;
			children = (
			);
			path = Models;
			sourceTree = "<group>";
		};
		3F9DC78625F6DD2900BCF4B3 /* Screens */ = {
			isa = PBXGroup;
			children = (
				3F40181125F6AB5F003C0FC8 /* ViewController.swift */,
			);
			path = Screens;
			sourceTree = "<group>";
		};
		3F9DC78725F6DD3600BCF4B3 /* Ressources */ = {
			isa = PBXGroup;
			children = (
				3F40181625F6AB62003C0FC8 /* Assets.xcassets */,
			);
			path = Ressources;
			sourceTree = "<group>";
		};
		3F9DC78825F6DD4400BCF4B3 /* Services */ = {
			isa = PBXGroup;
			children = (
			);
			path = Services;
			sourceTree = "<group>";
		};
		3F9DC78925F6DD7900BCF4B3 /* Supporting Files */ = {
			isa = PBXGroup;
			children = (
				3F40180D25F6AB5F003C0FC8 /* AppDelegate.swift */,
				3F40181B25F6AB62003C0FC8 /* Info.plist */,
				3F40180F25F6AB5F003C0FC8 /* SceneDelegate.swift */,
			);
			path = "Supporting Files";
			sourceTree = "<group>";
		};
		F8D873EDE2BA6BF0C7A30B1D /* Pods */ = {
			isa = PBXGroup;
			children = (
				C94A213AE319F2EA7698F1F3 /* Pods-bodyguard-tech-assessment.debug.xcconfig */,
				8C11D1347D17680282C5C3BC /* Pods-bodyguard-tech-assessment.release.xcconfig */,
			);
			path = Pods;
			sourceTree = "<group>";
		};
/* End PBXGroup section */

/* Begin PBXNativeTarget section */
		3F40180925F6AB5F003C0FC8 /* bodyguard-tech-assessment */ = {
			isa = PBXNativeTarget;
			buildConfigurationList = 3F40181E25F6AB62003C0FC8 /* Build configuration list for PBXNativeTarget "bodyguard-tech-assessment" */;
			buildPhases = (
				34BEB6E80D77725AE090BB46 /* [CP] Check Pods Manifest.lock */,
				3F40180625F6AB5F003C0FC8 /* Sources */,
				3F40180725F6AB5F003C0FC8 /* Frameworks */,
				3F40180825F6AB5F003C0FC8 /* Resources */,
				C2169D4CB6D75205865BA6D9 /* [CP] Embed Pods Frameworks */,
				3F9DC77625F6D0AC00BCF4B3 /* Swift Lint */,
			);
			buildRules = (
			);
			dependencies = (
			);
			name = "bodyguard-tech-assessment";
			productName = "bodyguard-tech-assessment";
			productReference = 3F40180A25F6AB5F003C0FC8 /* bodyguard-tech-assessment.app */;
			productType = "com.apple.product-type.application";
		};
/* End PBXNativeTarget section */

/* Begin PBXProject section */
		3F40180225F6AB5F003C0FC8 /* Project object */ = {
			isa = PBXProject;
			attributes = {
				LastSwiftUpdateCheck = 1230;
				LastUpgradeCheck = 1230;
				TargetAttributes = {
					3F40180925F6AB5F003C0FC8 = {
						CreatedOnToolsVersion = 12.3;
					};
				};
			};
			buildConfigurationList = 3F40180525F6AB5F003C0FC8 /* Build configuration list for PBXProject "bodyguard-tech-assessment" */;
			compatibilityVersion = "Xcode 9.3";
			developmentRegion = en;
			hasScannedForEncodings = 0;
			knownRegions = (
				en,
				Base,
			);
			mainGroup = 3F40180125F6AB5F003C0FC8;
			productRefGroup = 3F40180B25F6AB5F003C0FC8 /* Products */;
			projectDirPath = "";
			projectRoot = "";
			targets = (
				3F40180925F6AB5F003C0FC8 /* bodyguard-tech-assessment */,
			);
		};
/* End PBXProject section */

/* Begin PBXResourcesBuildPhase section */
		3F40180825F6AB5F003C0FC8 /* Resources */ = {
			isa = PBXResourcesBuildPhase;
			buildActionMask = 2147483647;
			files = (
				3F40181A25F6AB62003C0FC8 /* LaunchScreen.storyboard in Resources */,
				3F40181725F6AB62003C0FC8 /* Assets.xcassets in Resources */,
			);
			runOnlyForDeploymentPostprocessing = 0;
		};
/* End PBXResourcesBuildPhase section */

/* Begin PBXShellScriptBuildPhase section */
		34BEB6E80D77725AE090BB46 /* [CP] Check Pods Manifest.lock */ = {
			isa = PBXShellScriptBuildPhase;
			buildActionMask = 2147483647;
			files = (
			);
			inputFileListPaths = (
			);
			inputPaths = (
				"${PODS_PODFILE_DIR_PATH}/Podfile.lock",
				"${PODS_ROOT}/Manifest.lock",
			);
			name = "[CP] Check Pods Manifest.lock";
			outputFileListPaths = (
			);
			outputPaths = (
				"$(DERIVED_FILE_DIR)/Pods-bodyguard-tech-assessment-checkManifestLockResult.txt",
			);
			runOnlyForDeploymentPostprocessing = 0;
			shellPath = /bin/sh;
			shellScript = "diff \"${PODS_PODFILE_DIR_PATH}/Podfile.lock\" \"${PODS_ROOT}/Manifest.lock\" > /dev/null\nif [ $? != 0 ] ; then\n    # print error to STDERR\n    echo \"error: The sandbox is not in sync with the Podfile.lock. Run 'pod install' or update your CocoaPods installation.\" >&2\n    exit 1\nfi\n# This output is used by Xcode 'outputs' to avoid re-running this script phase.\necho \"SUCCESS\" > \"${SCRIPT_OUTPUT_FILE_0}\"\n";
			showEnvVarsInLog = 0;
		};
		3F9DC77625F6D0AC00BCF4B3 /* Swift Lint */ = {
			isa = PBXShellScriptBuildPhase;
			buildActionMask = 2147483647;
			files = (
			);
			inputFileListPaths = (
			);
			inputPaths = (
			);
			name = "Swift Lint";
			outputFileListPaths = (
			);
			outputPaths = (
			);
			runOnlyForDeploymentPostprocessing = 0;
			shellPath = /bin/sh;
			shellScript = "\"${PODS_ROOT}/SwiftLint/swiftlint\"\n";
		};
		C2169D4CB6D75205865BA6D9 /* [CP] Embed Pods Frameworks */ = {
			isa = PBXShellScriptBuildPhase;
			buildActionMask = 2147483647;
			files = (
			);
			inputFileListPaths = (
				"${PODS_ROOT}/Target Support Files/Pods-bodyguard-tech-assessment/Pods-bodyguard-tech-assessment-frameworks-${CONFIGURATION}-input-files.xcfilelist",
			);
			name = "[CP] Embed Pods Frameworks";
			outputFileListPaths = (
				"${PODS_ROOT}/Target Support Files/Pods-bodyguard-tech-assessment/Pods-bodyguard-tech-assessment-frameworks-${CONFIGURATION}-output-files.xcfilelist",
			);
			runOnlyForDeploymentPostprocessing = 0;
			shellPath = /bin/sh;
			shellScript = "\"${PODS_ROOT}/Target Support Files/Pods-bodyguard-tech-assessment/Pods-bodyguard-tech-assessment-frameworks.sh\"\n";
			showEnvVarsInLog = 0;
		};
/* End PBXShellScriptBuildPhase section */

/* Begin PBXSourcesBuildPhase section */
		3F40180625F6AB5F003C0FC8 /* Sources */ = {
			isa = PBXSourcesBuildPhase;
			buildActionMask = 2147483647;
			files = (
				3F40181225F6AB5F003C0FC8 /* ViewController.swift in Sources */,
				3F40180E25F6AB5F003C0FC8 /* AppDelegate.swift in Sources */,
				3F40181025F6AB5F003C0FC8 /* SceneDelegate.swift in Sources */,
			);
			runOnlyForDeploymentPostprocessing = 0;
		};
/* End PBXSourcesBuildPhase section */

/* Begin PBXVariantGroup section */
		3F40181825F6AB62003C0FC8 /* LaunchScreen.storyboard */ = {
			isa = PBXVariantGroup;
			children = (
				3F40181925F6AB62003C0FC8 /* Base */,
			);
			name = LaunchScreen.storyboard;
			sourceTree = "<group>";
		};
/* End PBXVariantGroup section */

/* Begin XCBuildConfiguration section */
		3F40181C25F6AB62003C0FC8 /* Debug */ = {
			isa = XCBuildConfiguration;
			buildSettings = {
				ALWAYS_SEARCH_USER_PATHS = NO;
				CLANG_ANALYZER_NONNULL = YES;
				CLANG_ANALYZER_NUMBER_OBJECT_CONVERSION = YES_AGGRESSIVE;
				CLANG_CXX_LANGUAGE_STANDARD = "gnu++14";
				CLANG_CXX_LIBRARY = "libc++";
				CLANG_ENABLE_MODULES = YES;
				CLANG_ENABLE_OBJC_ARC = YES;
				CLANG_ENABLE_OBJC_WEAK = YES;
				CLANG_WARN_BLOCK_CAPTURE_AUTORELEASING = YES;
				CLANG_WARN_BOOL_CONVERSION = YES;
				CLANG_WARN_COMMA = YES;
				CLANG_WARN_CONSTANT_CONVERSION = YES;
				CLANG_WARN_DEPRECATED_OBJC_IMPLEMENTATIONS = YES;
				CLANG_WARN_DIRECT_OBJC_ISA_USAGE = YES_ERROR;
				CLANG_WARN_DOCUMENTATION_COMMENTS = YES;
				CLANG_WARN_EMPTY_BODY = YES;
				CLANG_WARN_ENUM_CONVERSION = YES;
				CLANG_WARN_INFINITE_RECURSION = YES;
				CLANG_WARN_INT_CONVERSION = YES;
				CLANG_WARN_NON_LITERAL_NULL_CONVERSION = YES;
				CLANG_WARN_OBJC_IMPLICIT_RETAIN_SELF = YES;
				CLANG_WARN_OBJC_LITERAL_CONVERSION = YES;
				CLANG_WARN_OBJC_ROOT_CLASS = YES_ERROR;
				CLANG_WARN_QUOTED_INCLUDE_IN_FRAMEWORK_HEADER = YES;
				CLANG_WARN_RANGE_LOOP_ANALYSIS = YES;
				CLANG_WARN_STRICT_PROTOTYPES = YES;
				CLANG_WARN_SUSPICIOUS_MOVE = YES;
				CLANG_WARN_UNGUARDED_AVAILABILITY = YES_AGGRESSIVE;
				CLANG_WARN_UNREACHABLE_CODE = YES;
				CLANG_WARN__DUPLICATE_METHOD_MATCH = YES;
				COPY_PHASE_STRIP = NO;
				DEBUG_INFORMATION_FORMAT = dwarf;
				ENABLE_STRICT_OBJC_MSGSEND = YES;
				ENABLE_TESTABILITY = YES;
				GCC_C_LANGUAGE_STANDARD = gnu11;
				GCC_DYNAMIC_NO_PIC = NO;
				GCC_NO_COMMON_BLOCKS = YES;
				GCC_OPTIMIZATION_LEVEL = 0;
				GCC_PREPROCESSOR_DEFINITIONS = (
					"DEBUG=1",
					"$(inherited)",
				);
				GCC_WARN_64_TO_32_BIT_CONVERSION = YES;
				GCC_WARN_ABOUT_RETURN_TYPE = YES_ERROR;
				GCC_WARN_UNDECLARED_SELECTOR = YES;
				GCC_WARN_UNINITIALIZED_AUTOS = YES_AGGRESSIVE;
				GCC_WARN_UNUSED_FUNCTION = YES;
				GCC_WARN_UNUSED_VARIABLE = YES;
				IPHONEOS_DEPLOYMENT_TARGET = 12.0;
				MTL_ENABLE_DEBUG_INFO = INCLUDE_SOURCE;
				MTL_FAST_MATH = YES;
				ONLY_ACTIVE_ARCH = YES;
				SDKROOT = iphoneos;
				SWIFT_ACTIVE_COMPILATION_CONDITIONS = DEBUG;
				SWIFT_OPTIMIZATION_LEVEL = "-Onone";
			};
			name = Debug;
		};
		3F40181D25F6AB62003C0FC8 /* Release */ = {
			isa = XCBuildConfiguration;
			buildSettings = {
				ALWAYS_SEARCH_USER_PATHS = NO;
				CLANG_ANALYZER_NONNULL = YES;
				CLANG_ANALYZER_NUMBER_OBJECT_CONVERSION = YES_AGGRESSIVE;
				CLANG_CXX_LANGUAGE_STANDARD = "gnu++14";
				CLANG_CXX_LIBRARY = "libc++";
				CLANG_ENABLE_MODULES = YES;
				CLANG_ENABLE_OBJC_ARC = YES;
				CLANG_ENABLE_OBJC_WEAK = YES;
				CLANG_WARN_BLOCK_CAPTURE_AUTORELEASING = YES;
				CLANG_WARN_BOOL_CONVERSION = YES;
				CLANG_WARN_COMMA = YES;
				CLANG_WARN_CONSTANT_CONVERSION = YES;
				CLANG_WARN_DEPRECATED_OBJC_IMPLEMENTATIONS = YES;
				CLANG_WARN_DIRECT_OBJC_ISA_USAGE = YES_ERROR;
				CLANG_WARN_DOCUMENTATION_COMMENTS = YES;
				CLANG_WARN_EMPTY_BODY = YES;
				CLANG_WARN_ENUM_CONVERSION = YES;
				CLANG_WARN_INFINITE_RECURSION = YES;
				CLANG_WARN_INT_CONVERSION = YES;
				CLANG_WARN_NON_LITERAL_NULL_CONVERSION = YES;
				CLANG_WARN_OBJC_IMPLICIT_RETAIN_SELF = YES;
				CLANG_WARN_OBJC_LITERAL_CONVERSION = YES;
				CLANG_WARN_OBJC_ROOT_CLASS = YES_ERROR;
				CLANG_WARN_QUOTED_INCLUDE_IN_FRAMEWORK_HEADER = YES;
				CLANG_WARN_RANGE_LOOP_ANALYSIS = YES;
				CLANG_WARN_STRICT_PROTOTYPES = YES;
				CLANG_WARN_SUSPICIOUS_MOVE = YES;
				CLANG_WARN_UNGUARDED_AVAILABILITY = YES_AGGRESSIVE;
				CLANG_WARN_UNREACHABLE_CODE = YES;
				CLANG_WARN__DUPLICATE_METHOD_MATCH = YES;
				COPY_PHASE_STRIP = NO;
				DEBUG_INFORMATION_FORMAT = "dwarf-with-dsym";
				ENABLE_NS_ASSERTIONS = NO;
				ENABLE_STRICT_OBJC_MSGSEND = YES;
				GCC_C_LANGUAGE_STANDARD = gnu11;
				GCC_NO_COMMON_BLOCKS = YES;
				GCC_WARN_64_TO_32_BIT_CONVERSION = YES;
				GCC_WARN_ABOUT_RETURN_TYPE = YES_ERROR;
				GCC_WARN_UNDECLARED_SELECTOR = YES;
				GCC_WARN_UNINITIALIZED_AUTOS = YES_AGGRESSIVE;
				GCC_WARN_UNUSED_FUNCTION = YES;
				GCC_WARN_UNUSED_VARIABLE = YES;
				IPHONEOS_DEPLOYMENT_TARGET = 12.0;
				MTL_ENABLE_DEBUG_INFO = NO;
				MTL_FAST_MATH = YES;
				SDKROOT = iphoneos;
				SWIFT_COMPILATION_MODE = wholemodule;
				SWIFT_OPTIMIZATION_LEVEL = "-O";
				VALIDATE_PRODUCT = YES;
			};
			name = Release;
		};
		3F40181F25F6AB62003C0FC8 /* Debug */ = {
			isa = XCBuildConfiguration;
			baseConfigurationReference = C94A213AE319F2EA7698F1F3 /* Pods-bodyguard-tech-assessment.debug.xcconfig */;
			buildSettings = {
				ASSETCATALOG_COMPILER_APPICON_NAME = AppIcon;
				ASSETCATALOG_COMPILER_GLOBAL_ACCENT_COLOR_NAME = AccentColor;
				CODE_SIGN_STYLE = Automatic;
				DEVELOPMENT_TEAM = BBHWK82463;
				INFOPLIST_FILE = "bodyguard-tech-assessment/Info.plist";
				LD_RUNPATH_SEARCH_PATHS = (
					"$(inherited)",
					"@executable_path/Frameworks",
				);
				PRODUCT_BUNDLE_IDENTIFIER = "com.jeremypapay.bodyguard-tech-assessment";
				PRODUCT_NAME = "$(TARGET_NAME)";
				SWIFT_VERSION = 5.0;
				TARGETED_DEVICE_FAMILY = 1;
			};
			name = Debug;
		};
		3F40182025F6AB62003C0FC8 /* Release */ = {
			isa = XCBuildConfiguration;
			baseConfigurationReference = 8C11D1347D17680282C5C3BC /* Pods-bodyguard-tech-assessment.release.xcconfig */;
			buildSettings = {
				ASSETCATALOG_COMPILER_APPICON_NAME = AppIcon;
				ASSETCATALOG_COMPILER_GLOBAL_ACCENT_COLOR_NAME = AccentColor;
				CODE_SIGN_STYLE = Automatic;
				DEVELOPMENT_TEAM = BBHWK82463;
				INFOPLIST_FILE = "bodyguard-tech-assessment/Info.plist";
				LD_RUNPATH_SEARCH_PATHS = (
					"$(inherited)",
					"@executable_path/Frameworks",
				);
				PRODUCT_BUNDLE_IDENTIFIER = "com.jeremypapay.bodyguard-tech-assessment";
				PRODUCT_NAME = "$(TARGET_NAME)";
				SWIFT_VERSION = 5.0;
				TARGETED_DEVICE_FAMILY = 1;
			};
			name = Release;
		};
/* End XCBuildConfiguration section */

/* Begin XCConfigurationList section */
		3F40180525F6AB5F003C0FC8 /* Build configuration list for PBXProject "bodyguard-tech-assessment" */ = {
			isa = XCConfigurationList;
			buildConfigurations = (
				3F40181C25F6AB62003C0FC8 /* Debug */,
				3F40181D25F6AB62003C0FC8 /* Release */,
			);
			defaultConfigurationIsVisible = 0;
			defaultConfigurationName = Release;
		};
		3F40181E25F6AB62003C0FC8 /* Build configuration list for PBXNativeTarget "bodyguard-tech-assessment" */ = {
			isa = XCConfigurationList;
			buildConfigurations = (
				3F40181F25F6AB62003C0FC8 /* Debug */,
				3F40182025F6AB62003C0FC8 /* Release */,
			);
			defaultConfigurationIsVisible = 0;
			defaultConfigurationName = Release;
		};
/* End XCConfigurationList section */
	};
	rootObject = 3F40180225F6AB5F003C0FC8 /* Project object */;
}
